
Microsoft Visual Studio Solution File, Format Version 12.00
# Visual Studio 15
VisualStudioVersion = 15.0.27004.2002
MinimumVisualStudioVersion = 10.0.40219.1
Project("{FAE04EC0-301F-11D3-BF4B-00C04F79EFBC}") = "Service", "Chargoon.Sample.Service\Service.csproj", "{46A83E3B-045B-4397-9F18-6E06FAB73DBD}"
EndProject
Project("{FAE04EC0-301F-11D3-BF4B-00C04F79EFBC}") = "Framework", "Chargoon.Sample.Framework\Framework.csproj", "{B1F1E8F2-29CE-46C8-A958-C83E01F45F01}"
EndProject
Project("{FAE04EC0-301F-11D3-BF4B-00C04F79EFBC}") = "UI", "Chargoon.Sample.UI\UI.csproj", "{71AA9682-0D54-4391-BD59-FF179A14DC4E}"
EndProject
Project("{FAE04EC0-301F-11D3-BF4B-00C04F79EFBC}") = "DataAccess", "Chargoon.Sample.DataAccess\DataAccess.csproj", "{CE705CB8-532C-4108-9C8E-E97020219B5B}"
EndProject
Project("{FAE04EC0-301F-11D3-BF4B-00C04F79EFBC}") = "Domain", "Chargoon.Sample.Domain\Domain.csproj", "{655CE7DB-0676-4138-805F-B08F59D1653D}"
EndProject
Global
	GlobalSection(SolutionConfigurationPlatforms) = preSolution
		Debug|Any CPU = Debug|Any CPU
		Release|Any CPU = Release|Any CPU
	EndGlobalSection
	GlobalSection(ProjectConfigurationPlatforms) = postSolution
		{46A83E3B-045B-4397-9F18-6E06FAB73DBD}.Debug|Any CPU.ActiveCfg = Debug|Any CPU
		{46A83E3B-045B-4397-9F18-6E06FAB73DBD}.Debug|Any CPU.Build.0 = Debug|Any CPU
		{46A83E3B-045B-4397-9F18-6E06FAB73DBD}.Release|Any CPU.ActiveCfg = Release|Any CPU
		{46A83E3B-045B-4397-9F18-6E06FAB73DBD}.Release|Any CPU.Build.0 = Release|Any CPU
		{B1F1E8F2-29CE-46C8-A958-C83E01F45F01}.Debug|Any CPU.ActiveCfg = Debug|Any CPU
		{B1F1E8F2-29CE-46C8-A958-C83E01F45F01}.Debug|Any CPU.Build.0 = Debug|Any CPU
		{B1F1E8F2-29CE-46C8-A958-C83E01F45F01}.Release|Any CPU.ActiveCfg = Release|Any CPU
		{B1F1E8F2-29CE-46C8-A958-C83E01F45F01}.Release|Any CPU.Build.0 = Release|Any CPU
		{71AA9682-0D54-4391-BD59-FF179A14DC4E}.Debug|Any CPU.ActiveCfg = Debug|Any CPU
		{71AA9682-0D54-4391-BD59-FF179A14DC4E}.Debug|Any CPU.Build.0 = Debug|Any CPU
		{71AA9682-0D54-4391-BD59-FF179A14DC4E}.Release|Any CPU.ActiveCfg = Release|Any CPU
		{71AA9682-0D54-4391-BD59-FF179A14DC4E}.Release|Any CPU.Build.0 = Release|Any CPU
		{CE705CB8-532C-4108-9C8E-E97020219B5B}.Debug|Any CPU.ActiveCfg = Debug|Any CPU
		{CE705CB8-532C-4108-9C8E-E97020219B5B}.Debug|Any CPU.Build.0 = Debug|Any CPU
		{CE705CB8-532C-4108-9C8E-E97020219B5B}.Release|Any CPU.ActiveCfg = Release|Any CPU
		{CE705CB8-532C-4108-9C8E-E97020219B5B}.Release|Any CPU.Build.0 = Release|Any CPU
		{655CE7DB-0676-4138-805F-B08F59D1653D}.Debug|Any CPU.ActiveCfg = Debug|Any CPU
		{655CE7DB-0676-4138-805F-B08F59D1653D}.Debug|Any CPU.Build.0 = Debug|Any CPU
		{655CE7DB-0676-4138-805F-B08F59D1653D}.Release|Any CPU.ActiveCfg = Release|Any CPU
		{655CE7DB-0676-4138-805F-B08F59D1653D}.Release|Any CPU.Build.0 = Release|Any CPU
	EndGlobalSection
	GlobalSection(SolutionProperties) = preSolution
		HideSolutionNode = FALSE
	EndGlobalSection
	GlobalSection(ExtensibilityGlobals) = postSolution
		SolutionGuid = {BEDC21C0-07AF-423E-8AB7-2D2784990A2A}
	EndGlobalSection
EndGlobal
